
Microsoft Visual Studio Solution File, Format Version 12.00
# Visual Studio Version 16
VisualStudioVersion = 16.0.31911.196
MinimumVisualStudioVersion = 10.0.40219.1
Project("{FAE04EC0-301F-11D3-BF4B-00C04F79EFBC}") = "ClientProxy-P4-091", "ClientProxy-P4-091\ClientProxy-P4-091.csproj", "{D4AD8D3A-F604-4983-8138-3175CBC77DBD}"
EndProject
Global
	GlobalSection(SolutionConfigurationPlatforms) = preSolution
		Debug|Any CPU = Debug|Any CPU
		Release|Any CPU = Release|Any CPU
	EndGlobalSection
	GlobalSection(ProjectConfigurationPlatforms) = postSolution
		{D4AD8D3A-F604-4983-8138-3175CBC77DBD}.Debug|Any CPU.ActiveCfg = Debug|Any CPU
		{D4AD8D3A-F604-4983-8138-3175CBC77DBD}.Debug|Any CPU.Build.0 = Debug|Any CPU
		{D4AD8D3A-F604-4983-8138-3175CBC77DBD}.Release|Any CPU.ActiveCfg = Release|Any CPU
		{D4AD8D3A-F604-4983-8138-3175CBC77DBD}.Release|Any CPU.Build.0 = Release|Any CPU
	EndGlobalSection
	GlobalSection(SolutionProperties) = preSolution
		HideSolutionNode = FALSE
	EndGlobalSection
	GlobalSection(ExtensibilityGlobals) = postSolution
		SolutionGuid = {E89E7381-4A79-44E6-8374-489F61972F40}
	EndGlobalSection
EndGlobal
